
Microsoft Visual Studio Solution File, Format Version 9.00
# Visual Studio 2005
Project("{F184B08F-C81C-45F6-A57F-5ABD9991F28F}") = "Recipe08-02", "Recipe08-02\Recipe08-02.vbproj", "{A1337720-12D9-40A1-8412-5F35C81A0E7E}"
EndProject
Project("{F184B08F-C81C-45F6-A57F-5ABD9991F28F}") = "Recipe08-03", "Recipe08-03\Recipe08-03.vbproj", "{BAC0D82E-4CBC-46F4-B9B6-ED07CD207305}"
EndProject
Project("{F184B08F-C81C-45F6-A57F-5ABD9991F28F}") = "Recipe08-04", "Recipe08-04\Recipe08-04.vbproj", "{B59741D8-E0C6-4551-8D8E-733E6F988C9C}"
EndProject
Project("{F184B08F-C81C-45F6-A57F-5ABD9991F28F}") = "Recipe08-05", "Recipe08-05\Recipe08-05.vbproj", "{AB13BFC8-CB44-42BC-A4B3-8F8F29C874B6}"
EndProject
Project("{F184B08F-C81C-45F6-A57F-5ABD9991F28F}") = "Recipe08-06", "Recipe08-06\Recipe08-06.vbproj", "{4D106A80-2234-42C4-A201-98F447D09EA0}"
EndProject
Project("{F184B08F-C81C-45F6-A57F-5ABD9991F28F}") = "Recipe08-07", "Recipe08-07\Recipe08-07.vbproj", "{0756E8EB-1533-4262-AFDD-5FC642E7F499}"
EndProject
Project("{F184B08F-C81C-45F6-A57F-5ABD9991F28F}") = "Recipe08-08", "Recipe08-08\Recipe08-08.vbproj", "{D3D8D27C-4EB6-4ED5-9179-177161A863D2}"
EndProject
Project("{F184B08F-C81C-45F6-A57F-5ABD9991F28F}") = "Recipe08-09", "Recipe08-09\Recipe08-09.vbproj", "{290ABF06-A546-4124-8BB8-A9A249A87D65}"
EndProject
Project("{F184B08F-C81C-45F6-A57F-5ABD9991F28F}") = "Recipe08-10", "Recipe08-10\Recipe08-10.vbproj", "{A690E164-492D-41F7-9C45-F12B1EE25E48}"
EndProject
Project("{F184B08F-C81C-45F6-A57F-5ABD9991F28F}") = "Recipe08-11", "Recipe08-11\Recipe08-11.vbproj", "{95E40300-C834-4428-B499-84E0676DA81E}"
EndProject
Project("{F184B08F-C81C-45F6-A57F-5ABD9991F28F}") = "Recipe08-01", "Recipe08-01\Recipe08-01.vbproj", "{140BD480-FF6D-40C2-8585-BD6E7002913D}"
EndProject
Project("{F184B08F-C81C-45F6-A57F-5ABD9991F28F}") = "Recipe08-12", "Recipe08-12\Recipe08-12.vbproj", "{827CC409-D705-45D1-88F0-EEE63FFD4D3F}"
EndProject
Project("{F184B08F-C81C-45F6-A57F-5ABD9991F28F}") = "Recipe08-13", "Recipe08-13\Recipe08-13.vbproj", "{EF423724-B53F-4596-8617-1352FD55E023}"
EndProject
Project("{F184B08F-C81C-45F6-A57F-5ABD9991F28F}") = "Recipe08-14", "Recipe08-14\Recipe08-14.vbproj", "{931DE7EF-3554-4011-B8CA-ABE5DB6CA491}"
EndProject
Project("{F184B08F-C81C-45F6-A57F-5ABD9991F28F}") = "Recipe08-15", "Recipe08-15\Recipe08-15.vbproj", "{188F2CD7-FDFA-4ECC-AEA7-3983C2914501}"
EndProject
Project("{F184B08F-C81C-45F6-A57F-5ABD9991F28F}") = "Recipe08-16", "Recipe08-16\Recipe08-16.vbproj", "{97BE6C33-D78B-4F77-95AA-EAD21FCD281F}"
EndProject
Project("{F184B08F-C81C-45F6-A57F-5ABD9991F28F}") = "Recipe08-17", "Recipe08-17\Recipe08-17.vbproj", "{B0DB8710-DCB0-411A-B6BE-715BC018B57C}"
EndProject
Project("{F184B08F-C81C-45F6-A57F-5ABD9991F28F}") = "Recipe08-18", "Recipe08-18\Recipe08-18.vbproj", "{3FC0B436-B3BB-4364-82B7-F15BE9F34916}"
EndProject
Global
	GlobalSection(SolutionConfigurationPlatforms) = preSolution
		Debug|Any CPU = Debug|Any CPU
		Release|Any CPU = Release|Any CPU
	EndGlobalSection
	GlobalSection(ProjectConfigurationPlatforms) = postSolution
		{A1337720-12D9-40A1-8412-5F35C81A0E7E}.Debug|Any CPU.ActiveCfg = Debug|Any CPU
		{A1337720-12D9-40A1-8412-5F35C81A0E7E}.Debug|Any CPU.Build.0 = Debug|Any CPU
		{A1337720-12D9-40A1-8412-5F35C81A0E7E}.Release|Any CPU.ActiveCfg = Release|Any CPU
		{A1337720-12D9-40A1-8412-5F35C81A0E7E}.Release|Any CPU.Build.0 = Release|Any CPU
		{BAC0D82E-4CBC-46F4-B9B6-ED07CD207305}.Debug|Any CPU.ActiveCfg = Debug|Any CPU
		{BAC0D82E-4CBC-46F4-B9B6-ED07CD207305}.Debug|Any CPU.Build.0 = Debug|Any CPU
		{BAC0D82E-4CBC-46F4-B9B6-ED07CD207305}.Release|Any CPU.ActiveCfg = Release|Any CPU
		{BAC0D82E-4CBC-46F4-B9B6-ED07CD207305}.Release|Any CPU.Build.0 = Release|Any CPU
		{B59741D8-E0C6-4551-8D8E-733E6F988C9C}.Debug|Any CPU.ActiveCfg = Debug|Any CPU
		{B59741D8-E0C6-4551-8D8E-733E6F988C9C}.Debug|Any CPU.Build.0 = Debug|Any CPU
		{B59741D8-E0C6-4551-8D8E-733E6F988C9C}.Release|Any CPU.ActiveCfg = Release|Any CPU
		{B59741D8-E0C6-4551-8D8E-733E6F988C9C}.Release|Any CPU.Build.0 = Release|Any CPU
		{AB13BFC8-CB44-42BC-A4B3-8F8F29C874B6}.Debug|Any CPU.ActiveCfg = Debug|Any CPU
		{AB13BFC8-CB44-42BC-A4B3-8F8F29C874B6}.Debug|Any CPU.Build.0 = Debug|Any CPU
		{AB13BFC8-CB44-42BC-A4B3-8F8F29C874B6}.Release|Any CPU.ActiveCfg = Release|Any CPU
		{AB13BFC8-CB44-42BC-A4B3-8F8F29C874B6}.Release|Any CPU.Build.0 = Release|Any CPU
		{4D106A80-2234-42C4-A201-98F447D09EA0}.Debug|Any CPU.ActiveCfg = Debug|Any CPU
		{4D106A80-2234-42C4-A201-98F447D09EA0}.Debug|Any CPU.Build.0 = Debug|Any CPU
		{4D106A80-2234-42C4-A201-98F447D09EA0}.Release|Any CPU.ActiveCfg = Release|Any CPU
		{4D106A80-2234-42C4-A201-98F447D09EA0}.Release|Any CPU.Build.0 = Release|Any CPU
		{0756E8EB-1533-4262-AFDD-5FC642E7F499}.Debug|Any CPU.ActiveCfg = Debug|Any CPU
		{0756E8EB-1533-4262-AFDD-5FC642E7F499}.Debug|Any CPU.Build.0 = Debug|Any CPU
		{0756E8EB-1533-4262-AFDD-5FC642E7F499}.Release|Any CPU.ActiveCfg = Release|Any CPU
		{0756E8EB-1533-4262-AFDD-5FC642E7F499}.Release|Any CPU.Build.0 = Release|Any CPU
		{D3D8D27C-4EB6-4ED5-9179-177161A863D2}.Debug|Any CPU.ActiveCfg = Debug|Any CPU
		{D3D8D27C-4EB6-4ED5-9179-177161A863D2}.Debug|Any CPU.Build.0 = Debug|Any CPU
		{D3D8D27C-4EB6-4ED5-9179-177161A863D2}.Release|Any CPU.ActiveCfg = Release|Any CPU
		{D3D8D27C-4EB6-4ED5-9179-177161A863D2}.Release|Any CPU.Build.0 = Release|Any CPU
		{290ABF06-A546-4124-8BB8-A9A249A87D65}.Debug|Any CPU.ActiveCfg = Debug|Any CPU
		{290ABF06-A546-4124-8BB8-A9A249A87D65}.Debug|Any CPU.Build.0 = Debug|Any CPU
		{290ABF06-A546-4124-8BB8-A9A249A87D65}.Release|Any CPU.ActiveCfg = Release|Any CPU
		{290ABF06-A546-4124-8BB8-A9A249A87D65}.Release|Any CPU.Build.0 = Release|Any CPU
		{A690E164-492D-41F7-9C45-F12B1EE25E48}.Debug|Any CPU.ActiveCfg = Debug|Any CPU
		{A690E164-492D-41F7-9C45-F12B1EE25E48}.Debug|Any CPU.Build.0 = Debug|Any CPU
		{A690E164-492D-41F7-9C45-F12B1EE25E48}.Release|Any CPU.ActiveCfg = Release|Any CPU
		{A690E164-492D-41F7-9C45-F12B1EE25E48}.Release|Any CPU.Build.0 = Release|Any CPU
		{95E40300-C834-4428-B499-84E0676DA81E}.Debug|Any CPU.ActiveCfg = Debug|Any CPU
		{95E40300-C834-4428-B499-84E0676DA81E}.Debug|Any CPU.Build.0 = Debug|Any CPU
		{95E40300-C834-4428-B499-84E0676DA81E}.Release|Any CPU.ActiveCfg = Release|Any CPU
		{95E40300-C834-4428-B499-84E0676DA81E}.Release|Any CPU.Build.0 = Release|Any CPU
		{140BD480-FF6D-40C2-8585-BD6E7002913D}.Debug|Any CPU.ActiveCfg = Debug|Any CPU
		{140BD480-FF6D-40C2-8585-BD6E7002913D}.Debug|Any CPU.Build.0 = Debug|Any CPU
		{140BD480-FF6D-40C2-8585-BD6E7002913D}.Release|Any CPU.ActiveCfg = Release|Any CPU
		{140BD480-FF6D-40C2-8585-BD6E7002913D}.Release|Any CPU.Build.0 = Release|Any CPU
		{827CC409-D705-45D1-88F0-EEE63FFD4D3F}.Debug|Any CPU.ActiveCfg = Debug|Any CPU
		{827CC409-D705-45D1-88F0-EEE63FFD4D3F}.Debug|Any CPU.Build.0 = Debug|Any CPU
		{827CC409-D705-45D1-88F0-EEE63FFD4D3F}.Release|Any CPU.ActiveCfg = Release|Any CPU
		{827CC409-D705-45D1-88F0-EEE63FFD4D3F}.Release|Any CPU.Build.0 = Release|Any CPU
		{EF423724-B53F-4596-8617-1352FD55E023}.Debug|Any CPU.ActiveCfg = Debug|Any CPU
		{EF423724-B53F-4596-8617-1352FD55E023}.Debug|Any CPU.Build.0 = Debug|Any CPU
		{EF423724-B53F-4596-8617-1352FD55E023}.Release|Any CPU.ActiveCfg = Release|Any CPU
		{EF423724-B53F-4596-8617-1352FD55E023}.Release|Any CPU.Build.0 = Release|Any CPU
		{931DE7EF-3554-4011-B8CA-ABE5DB6CA491}.Debug|Any CPU.ActiveCfg = Debug|Any CPU
		{931DE7EF-3554-4011-B8CA-ABE5DB6CA491}.Debug|Any CPU.Build.0 = Debug|Any CPU
		{931DE7EF-3554-4011-B8CA-ABE5DB6CA491}.Release|Any CPU.ActiveCfg = Release|Any CPU
		{931DE7EF-3554-4011-B8CA-ABE5DB6CA491}.Release|Any CPU.Build.0 = Release|Any CPU
		{188F2CD7-FDFA-4ECC-AEA7-3983C2914501}.Debug|Any CPU.ActiveCfg = Debug|Any CPU
		{188F2CD7-FDFA-4ECC-AEA7-3983C2914501}.Debug|Any CPU.Build.0 = Debug|Any CPU
		{188F2CD7-FDFA-4ECC-AEA7-3983C2914501}.Release|Any CPU.ActiveCfg = Release|Any CPU
		{188F2CD7-FDFA-4ECC-AEA7-3983C2914501}.Release|Any CPU.Build.0 = Release|Any CPU
		{97BE6C33-D78B-4F77-95AA-EAD21FCD281F}.Debug|Any CPU.ActiveCfg = Debug|Any CPU
		{97BE6C33-D78B-4F77-95AA-EAD21FCD281F}.Debug|Any CPU.Build.0 = Debug|Any CPU
		{97BE6C33-D78B-4F77-95AA-EAD21FCD281F}.Release|Any CPU.ActiveCfg = Release|Any CPU
		{97BE6C33-D78B-4F77-95AA-EAD21FCD281F}.Release|Any CPU.Build.0 = Release|Any CPU
		{B0DB8710-DCB0-411A-B6BE-715BC018B57C}.Debug|Any CPU.ActiveCfg = Debug|Any CPU
		{B0DB8710-DCB0-411A-B6BE-715BC018B57C}.Debug|Any CPU.Build.0 = Debug|Any CPU
		{B0DB8710-DCB0-411A-B6BE-715BC018B57C}.Release|Any CPU.ActiveCfg = Release|Any CPU
		{B0DB8710-DCB0-411A-B6BE-715BC018B57C}.Release|Any CPU.Build.0 = Release|Any CPU
		{3FC0B436-B3BB-4364-82B7-F15BE9F34916}.Debug|Any CPU.ActiveCfg = Debug|Any CPU
		{3FC0B436-B3BB-4364-82B7-F15BE9F34916}.Debug|Any CPU.Build.0 = Debug|Any CPU
		{3FC0B436-B3BB-4364-82B7-F15BE9F34916}.Release|Any CPU.ActiveCfg = Release|Any CPU
		{3FC0B436-B3BB-4364-82B7-F15BE9F34916}.Release|Any CPU.Build.0 = Release|Any CPU
	EndGlobalSection
	GlobalSection(SolutionProperties) = preSolution
		HideSolutionNode = FALSE
	EndGlobalSection
EndGlobal
