
Microsoft Visual Studio Solution File, Format Version 9.00
# Visual Studio 2005
Project("{F184B08F-C81C-45F6-A57F-5ABD9991F28F}") = "Recipe04-01", "Recipe04-01\Recipe04-01.vbproj", "{FA119BB0-6E7B-47B3-AE04-D7431FF00A89}"
EndProject
Project("{F184B08F-C81C-45F6-A57F-5ABD9991F28F}") = "Recipe04-02", "Recipe04-02\Recipe04-02.vbproj", "{F3A18351-3719-4BD5-AE5D-A9F793EF367E}"
EndProject
Project("{F184B08F-C81C-45F6-A57F-5ABD9991F28F}") = "Recipe04-03", "Recipe04-03\Recipe04-03.vbproj", "{93B10C3B-6305-4358-AA5B-26AF76DE4E20}"
EndProject
Project("{F184B08F-C81C-45F6-A57F-5ABD9991F28F}") = "Recipe04-04", "Recipe04-04\Recipe04-04.vbproj", "{5A271EE2-5122-4990-8F4C-D499164694AD}"
EndProject
Project("{F184B08F-C81C-45F6-A57F-5ABD9991F28F}") = "Recipe04-05", "Recipe04-05\Recipe04-05.vbproj", "{3B978848-120A-4BF9-A9CC-C5BFF217E145}"
EndProject
Project("{F184B08F-C81C-45F6-A57F-5ABD9991F28F}") = "Recipe04-06", "Recipe04-06\Recipe04-06.vbproj", "{00304F94-ADA1-4838-A709-3D005696A804}"
EndProject
Project("{F184B08F-C81C-45F6-A57F-5ABD9991F28F}") = "Recipe04-07", "Recipe04-07\Recipe04-07.vbproj", "{C1B72D5C-C855-4349-81D4-90B488BC2E5D}"
EndProject
Project("{F184B08F-C81C-45F6-A57F-5ABD9991F28F}") = "Recipe04-08", "Recipe04-08\Recipe04-08.vbproj", "{640B2FCE-CE26-43DA-A0BF-881A731275C2}"
EndProject
Project("{F184B08F-C81C-45F6-A57F-5ABD9991F28F}") = "Recipe04-09", "Recipe04-09\Recipe04-09.vbproj", "{94E23A6D-9FC8-4D39-9318-95B55A893912}"
EndProject
Project("{F184B08F-C81C-45F6-A57F-5ABD9991F28F}") = "Recipe04-10", "Recipe04-10\Recipe04-10.vbproj", "{4AD2E4A6-286A-42D8-A4BD-99C46E821E43}"
EndProject
Project("{F184B08F-C81C-45F6-A57F-5ABD9991F28F}") = "Recipe04-11", "Recipe04-11\Recipe04-11.vbproj", "{3C46988C-96AD-4902-8F6B-5F78A06A74AC}"
EndProject
Project("{F184B08F-C81C-45F6-A57F-5ABD9991F28F}") = "Recipe04-12", "Recipe04-12\Recipe04-12.vbproj", "{BE4B3DC6-F10B-4F2B-BA59-94AD960C6872}"
EndProject
Project("{F184B08F-C81C-45F6-A57F-5ABD9991F28F}") = "Recipe04-13", "Recipe04-13\Recipe04-13.vbproj", "{113D2F73-94DC-40EF-8D46-2199B9394B9C}"
EndProject
Project("{F184B08F-C81C-45F6-A57F-5ABD9991F28F}") = "Recipe04-15", "Recipe04-15\Recipe04-15.vbproj", "{B6C51A08-86C9-407A-8B58-EB958FACC2D9}"
EndProject
Project("{F184B08F-C81C-45F6-A57F-5ABD9991F28F}") = "Recipe04-16", "Recipe04-16\Recipe04-16.vbproj", "{28B6171F-3E3A-4A61-8B4B-DE1FE493FC24}"
EndProject
Project("{F184B08F-C81C-45F6-A57F-5ABD9991F28F}") = "Recipe04-17", "Recipe04-17\Recipe04-17.vbproj", "{0D5E58DA-8BF1-4257-87B5-F4A3BF612466}"
EndProject
Global
	GlobalSection(SolutionConfigurationPlatforms) = preSolution
		Debug|Any CPU = Debug|Any CPU
		Release|Any CPU = Release|Any CPU
	EndGlobalSection
	GlobalSection(ProjectConfigurationPlatforms) = postSolution
		{FA119BB0-6E7B-47B3-AE04-D7431FF00A89}.Debug|Any CPU.ActiveCfg = Debug|Any CPU
		{FA119BB0-6E7B-47B3-AE04-D7431FF00A89}.Debug|Any CPU.Build.0 = Debug|Any CPU
		{FA119BB0-6E7B-47B3-AE04-D7431FF00A89}.Release|Any CPU.ActiveCfg = Release|Any CPU
		{FA119BB0-6E7B-47B3-AE04-D7431FF00A89}.Release|Any CPU.Build.0 = Release|Any CPU
		{F3A18351-3719-4BD5-AE5D-A9F793EF367E}.Debug|Any CPU.ActiveCfg = Debug|Any CPU
		{F3A18351-3719-4BD5-AE5D-A9F793EF367E}.Debug|Any CPU.Build.0 = Debug|Any CPU
		{F3A18351-3719-4BD5-AE5D-A9F793EF367E}.Release|Any CPU.ActiveCfg = Release|Any CPU
		{F3A18351-3719-4BD5-AE5D-A9F793EF367E}.Release|Any CPU.Build.0 = Release|Any CPU
		{93B10C3B-6305-4358-AA5B-26AF76DE4E20}.Debug|Any CPU.ActiveCfg = Debug|Any CPU
		{93B10C3B-6305-4358-AA5B-26AF76DE4E20}.Debug|Any CPU.Build.0 = Debug|Any CPU
		{93B10C3B-6305-4358-AA5B-26AF76DE4E20}.Release|Any CPU.ActiveCfg = Release|Any CPU
		{93B10C3B-6305-4358-AA5B-26AF76DE4E20}.Release|Any CPU.Build.0 = Release|Any CPU
		{5A271EE2-5122-4990-8F4C-D499164694AD}.Debug|Any CPU.ActiveCfg = Debug|Any CPU
		{5A271EE2-5122-4990-8F4C-D499164694AD}.Debug|Any CPU.Build.0 = Debug|Any CPU
		{5A271EE2-5122-4990-8F4C-D499164694AD}.Release|Any CPU.ActiveCfg = Release|Any CPU
		{5A271EE2-5122-4990-8F4C-D499164694AD}.Release|Any CPU.Build.0 = Release|Any CPU
		{3B978848-120A-4BF9-A9CC-C5BFF217E145}.Debug|Any CPU.ActiveCfg = Debug|Any CPU
		{3B978848-120A-4BF9-A9CC-C5BFF217E145}.Debug|Any CPU.Build.0 = Debug|Any CPU
		{3B978848-120A-4BF9-A9CC-C5BFF217E145}.Release|Any CPU.ActiveCfg = Release|Any CPU
		{3B978848-120A-4BF9-A9CC-C5BFF217E145}.Release|Any CPU.Build.0 = Release|Any CPU
		{00304F94-ADA1-4838-A709-3D005696A804}.Debug|Any CPU.ActiveCfg = Debug|Any CPU
		{00304F94-ADA1-4838-A709-3D005696A804}.Debug|Any CPU.Build.0 = Debug|Any CPU
		{00304F94-ADA1-4838-A709-3D005696A804}.Release|Any CPU.ActiveCfg = Release|Any CPU
		{00304F94-ADA1-4838-A709-3D005696A804}.Release|Any CPU.Build.0 = Release|Any CPU
		{C1B72D5C-C855-4349-81D4-90B488BC2E5D}.Debug|Any CPU.ActiveCfg = Debug|Any CPU
		{C1B72D5C-C855-4349-81D4-90B488BC2E5D}.Debug|Any CPU.Build.0 = Debug|Any CPU
		{C1B72D5C-C855-4349-81D4-90B488BC2E5D}.Release|Any CPU.ActiveCfg = Release|Any CPU
		{C1B72D5C-C855-4349-81D4-90B488BC2E5D}.Release|Any CPU.Build.0 = Release|Any CPU
		{640B2FCE-CE26-43DA-A0BF-881A731275C2}.Debug|Any CPU.ActiveCfg = Debug|Any CPU
		{640B2FCE-CE26-43DA-A0BF-881A731275C2}.Debug|Any CPU.Build.0 = Debug|Any CPU
		{640B2FCE-CE26-43DA-A0BF-881A731275C2}.Release|Any CPU.ActiveCfg = Release|Any CPU
		{640B2FCE-CE26-43DA-A0BF-881A731275C2}.Release|Any CPU.Build.0 = Release|Any CPU
		{94E23A6D-9FC8-4D39-9318-95B55A893912}.Debug|Any CPU.ActiveCfg = Debug|Any CPU
		{94E23A6D-9FC8-4D39-9318-95B55A893912}.Debug|Any CPU.Build.0 = Debug|Any CPU
		{94E23A6D-9FC8-4D39-9318-95B55A893912}.Release|Any CPU.ActiveCfg = Release|Any CPU
		{94E23A6D-9FC8-4D39-9318-95B55A893912}.Release|Any CPU.Build.0 = Release|Any CPU
		{4AD2E4A6-286A-42D8-A4BD-99C46E821E43}.Debug|Any CPU.ActiveCfg = Debug|Any CPU
		{4AD2E4A6-286A-42D8-A4BD-99C46E821E43}.Debug|Any CPU.Build.0 = Debug|Any CPU
		{4AD2E4A6-286A-42D8-A4BD-99C46E821E43}.Release|Any CPU.ActiveCfg = Release|Any CPU
		{4AD2E4A6-286A-42D8-A4BD-99C46E821E43}.Release|Any CPU.Build.0 = Release|Any CPU
		{3C46988C-96AD-4902-8F6B-5F78A06A74AC}.Debug|Any CPU.ActiveCfg = Debug|Any CPU
		{3C46988C-96AD-4902-8F6B-5F78A06A74AC}.Debug|Any CPU.Build.0 = Debug|Any CPU
		{3C46988C-96AD-4902-8F6B-5F78A06A74AC}.Release|Any CPU.ActiveCfg = Release|Any CPU
		{3C46988C-96AD-4902-8F6B-5F78A06A74AC}.Release|Any CPU.Build.0 = Release|Any CPU
		{BE4B3DC6-F10B-4F2B-BA59-94AD960C6872}.Debug|Any CPU.ActiveCfg = Debug|Any CPU
		{BE4B3DC6-F10B-4F2B-BA59-94AD960C6872}.Debug|Any CPU.Build.0 = Debug|Any CPU
		{BE4B3DC6-F10B-4F2B-BA59-94AD960C6872}.Release|Any CPU.ActiveCfg = Release|Any CPU
		{BE4B3DC6-F10B-4F2B-BA59-94AD960C6872}.Release|Any CPU.Build.0 = Release|Any CPU
		{113D2F73-94DC-40EF-8D46-2199B9394B9C}.Debug|Any CPU.ActiveCfg = Debug|Any CPU
		{113D2F73-94DC-40EF-8D46-2199B9394B9C}.Debug|Any CPU.Build.0 = Debug|Any CPU
		{113D2F73-94DC-40EF-8D46-2199B9394B9C}.Release|Any CPU.ActiveCfg = Release|Any CPU
		{113D2F73-94DC-40EF-8D46-2199B9394B9C}.Release|Any CPU.Build.0 = Release|Any CPU
		{B6C51A08-86C9-407A-8B58-EB958FACC2D9}.Debug|Any CPU.ActiveCfg = Debug|Any CPU
		{B6C51A08-86C9-407A-8B58-EB958FACC2D9}.Debug|Any CPU.Build.0 = Debug|Any CPU
		{B6C51A08-86C9-407A-8B58-EB958FACC2D9}.Release|Any CPU.ActiveCfg = Release|Any CPU
		{B6C51A08-86C9-407A-8B58-EB958FACC2D9}.Release|Any CPU.Build.0 = Release|Any CPU
		{28B6171F-3E3A-4A61-8B4B-DE1FE493FC24}.Debug|Any CPU.ActiveCfg = Debug|Any CPU
		{28B6171F-3E3A-4A61-8B4B-DE1FE493FC24}.Debug|Any CPU.Build.0 = Debug|Any CPU
		{28B6171F-3E3A-4A61-8B4B-DE1FE493FC24}.Release|Any CPU.ActiveCfg = Release|Any CPU
		{28B6171F-3E3A-4A61-8B4B-DE1FE493FC24}.Release|Any CPU.Build.0 = Release|Any CPU
		{0D5E58DA-8BF1-4257-87B5-F4A3BF612466}.Debug|Any CPU.ActiveCfg = Debug|Any CPU
		{0D5E58DA-8BF1-4257-87B5-F4A3BF612466}.Debug|Any CPU.Build.0 = Debug|Any CPU
		{0D5E58DA-8BF1-4257-87B5-F4A3BF612466}.Release|Any CPU.ActiveCfg = Release|Any CPU
		{0D5E58DA-8BF1-4257-87B5-F4A3BF612466}.Release|Any CPU.Build.0 = Release|Any CPU
	EndGlobalSection
	GlobalSection(SolutionProperties) = preSolution
		HideSolutionNode = FALSE
	EndGlobalSection
EndGlobal
