
Microsoft Visual Studio Solution File, Format Version 9.00
# Visual Studio 2005
Project("{F184B08F-C81C-45F6-A57F-5ABD9991F28F}") = "Recipe10-01", "Recipe10-01\Recipe10-01.vbproj", "{8CADCA62-8C38-4EA0-B5EB-90B7E80311A5}"
EndProject
Project("{F184B08F-C81C-45F6-A57F-5ABD9991F28F}") = "Recipe10-02", "Recipe10-02\Recipe10-02.vbproj", "{3B8451F6-F796-49D0-82A7-287A482C80DB}"
EndProject
Project("{F184B08F-C81C-45F6-A57F-5ABD9991F28F}") = "Recipe10-03", "Recipe10-03\Recipe10-03.vbproj", "{9B4FC717-F52B-4157-BFC1-10133D4A36FD}"
EndProject
Project("{F184B08F-C81C-45F6-A57F-5ABD9991F28F}") = "Recipe10-04", "Recipe10-04\Recipe10-04.vbproj", "{BA5EA89A-343B-48FD-B7DF-D2E94A87F64A}"
EndProject
Project("{F184B08F-C81C-45F6-A57F-5ABD9991F28F}") = "Recipe10-05", "Recipe10-05\Recipe10-05.vbproj", "{4811D83C-0C15-4092-A79A-DD6F09A4A5C9}"
EndProject
Project("{F184B08F-C81C-45F6-A57F-5ABD9991F28F}") = "Recipe10-06", "Recipe10-06\Recipe10-06.vbproj", "{42538A81-B314-431F-AFD4-E00AC00C1004}"
EndProject
Project("{F184B08F-C81C-45F6-A57F-5ABD9991F28F}") = "Recipe10-07", "Recipe10-07\Recipe10-07.vbproj", "{E0ED34A1-C664-4D48-82F3-A8521E18982C}"
EndProject
Project("{F184B08F-C81C-45F6-A57F-5ABD9991F28F}") = "Recipe10-08", "Recipe10-08\Recipe10-08.vbproj", "{9447835C-9048-4203-BFAA-004C29C344BD}"
EndProject
Project("{F184B08F-C81C-45F6-A57F-5ABD9991F28F}") = "Recipe10-09", "Recipe10-09\Recipe10-09.vbproj", "{DD80C498-D0C0-4BE0-8DC9-AE6E3BF849B0}"
EndProject
Project("{F184B08F-C81C-45F6-A57F-5ABD9991F28F}") = "Recipe10-10Shared", "Recipe10-10Shared\Recipe10-10Shared.vbproj", "{0844069F-FD08-4241-825B-F06795B93E5D}"
EndProject
Project("{F184B08F-C81C-45F6-A57F-5ABD9991F28F}") = "Recipe10-10Server", "Recipe10-10Server\Recipe10-10Server.vbproj", "{F7010D92-8402-4CB0-8A81-7DED98FD7BA7}"
EndProject
Project("{F184B08F-C81C-45F6-A57F-5ABD9991F28F}") = "Recipe10-10Client", "Recipe10-10Client\Recipe10-10Client.vbproj", "{78241C43-B04D-4EE0-8D04-18BD0556672F}"
EndProject
Project("{F184B08F-C81C-45F6-A57F-5ABD9991F28F}") = "Recipe10-11Shared", "Recipe10-11Shared\Recipe10-11Shared.vbproj", "{3260DBFE-B3FD-441F-8666-3FDEF578FB46}"
EndProject
Project("{F184B08F-C81C-45F6-A57F-5ABD9991F28F}") = "Recipe10-11Client", "Recipe10-11Client\Recipe10-11Client.vbproj", "{4C9B2535-8747-41C7-8D67-8FCF288F479D}"
EndProject
Project("{F184B08F-C81C-45F6-A57F-5ABD9991F28F}") = "Recipe10-11Server", "Recipe10-11Server\Recipe10-11Server.vbproj", "{CBA1F39F-6083-40BA-A8FD-9A9A75FF31AC}"
EndProject
Project("{F184B08F-C81C-45F6-A57F-5ABD9991F28F}") = "Recipe10-12", "Recipe10-12\Recipe10-12.vbproj", "{0746EB3D-45A3-4875-BFE3-0FF6EF049EED}"
EndProject
Project("{F184B08F-C81C-45F6-A57F-5ABD9991F28F}") = "Recipe10-13", "Recipe10-13\Recipe10-13.vbproj", "{FAE4E2BE-E606-4A83-9859-3B0C4B697517}"
EndProject
Project("{F184B08F-C81C-45F6-A57F-5ABD9991F28F}") = "Recipe10-14", "Recipe10-14\Recipe10-14.vbproj", "{CB972B37-D8AE-4366-B661-D0B8196095FD}"
EndProject
Project("{F184B08F-C81C-45F6-A57F-5ABD9991F28F}") = "Recipe10-15", "Recipe10-15\Recipe10-15.vbproj", "{16FDE47D-9AF1-4912-8B38-7559DC80BE0C}"
EndProject
Project("{F184B08F-C81C-45F6-A57F-5ABD9991F28F}") = "Recipe10-16", "Recipe10-16\Recipe10-16.vbproj", "{142F045B-5DE0-4A2D-B71A-9CF07E75A19D}"
EndProject
Project("{F184B08F-C81C-45F6-A57F-5ABD9991F28F}") = "Recipe10-16Host", "Recipe10-16Host\Recipe10-16Host.vbproj", "{5307A6AD-2679-4A7F-8C5B-BE9A8F8A19D0}"
EndProject
Project("{F184B08F-C81C-45F6-A57F-5ABD9991F28F}") = "Recipe10-16Client", "Recipe10-16Client\Recipe10-16Client.vbproj", "{7611F636-2BA1-49FF-89BD-2FBF79C878BB}"
EndProject
Project("{F184B08F-C81C-45F6-A57F-5ABD9991F28F}") = "Recipe10-17", "Recipe10-17\Recipe10-17.vbproj", "{03E36A21-0E4C-4DA3-9A4E-04F44801B7E1}"
EndProject
Project("{F184B08F-C81C-45F6-A57F-5ABD9991F28F}") = "Recipe10-18Client", "Recipe10-18Client\Recipe10-18Client.vbproj", "{2489D466-5178-41AB-B953-1789DAC5E8F2}"
EndProject
Project("{F184B08F-C81C-45F6-A57F-5ABD9991F28F}") = "Recipe10-19", "Recipe10-19\Recipe10-19.vbproj", "{5B99E041-D488-43AB-8080-274768AD0F1F}"
EndProject
Global
	GlobalSection(SolutionConfigurationPlatforms) = preSolution
		Debug|Any CPU = Debug|Any CPU
		Release|Any CPU = Release|Any CPU
	EndGlobalSection
	GlobalSection(ProjectConfigurationPlatforms) = postSolution
		{8CADCA62-8C38-4EA0-B5EB-90B7E80311A5}.Debug|Any CPU.ActiveCfg = Debug|Any CPU
		{8CADCA62-8C38-4EA0-B5EB-90B7E80311A5}.Debug|Any CPU.Build.0 = Debug|Any CPU
		{8CADCA62-8C38-4EA0-B5EB-90B7E80311A5}.Release|Any CPU.ActiveCfg = Release|Any CPU
		{8CADCA62-8C38-4EA0-B5EB-90B7E80311A5}.Release|Any CPU.Build.0 = Release|Any CPU
		{3B8451F6-F796-49D0-82A7-287A482C80DB}.Debug|Any CPU.ActiveCfg = Debug|Any CPU
		{3B8451F6-F796-49D0-82A7-287A482C80DB}.Debug|Any CPU.Build.0 = Debug|Any CPU
		{3B8451F6-F796-49D0-82A7-287A482C80DB}.Release|Any CPU.ActiveCfg = Release|Any CPU
		{3B8451F6-F796-49D0-82A7-287A482C80DB}.Release|Any CPU.Build.0 = Release|Any CPU
		{9B4FC717-F52B-4157-BFC1-10133D4A36FD}.Debug|Any CPU.ActiveCfg = Debug|Any CPU
		{9B4FC717-F52B-4157-BFC1-10133D4A36FD}.Debug|Any CPU.Build.0 = Debug|Any CPU
		{9B4FC717-F52B-4157-BFC1-10133D4A36FD}.Release|Any CPU.ActiveCfg = Release|Any CPU
		{9B4FC717-F52B-4157-BFC1-10133D4A36FD}.Release|Any CPU.Build.0 = Release|Any CPU
		{BA5EA89A-343B-48FD-B7DF-D2E94A87F64A}.Debug|Any CPU.ActiveCfg = Debug|Any CPU
		{BA5EA89A-343B-48FD-B7DF-D2E94A87F64A}.Debug|Any CPU.Build.0 = Debug|Any CPU
		{BA5EA89A-343B-48FD-B7DF-D2E94A87F64A}.Release|Any CPU.ActiveCfg = Release|Any CPU
		{BA5EA89A-343B-48FD-B7DF-D2E94A87F64A}.Release|Any CPU.Build.0 = Release|Any CPU
		{4811D83C-0C15-4092-A79A-DD6F09A4A5C9}.Debug|Any CPU.ActiveCfg = Debug|Any CPU
		{4811D83C-0C15-4092-A79A-DD6F09A4A5C9}.Debug|Any CPU.Build.0 = Debug|Any CPU
		{4811D83C-0C15-4092-A79A-DD6F09A4A5C9}.Release|Any CPU.ActiveCfg = Release|Any CPU
		{4811D83C-0C15-4092-A79A-DD6F09A4A5C9}.Release|Any CPU.Build.0 = Release|Any CPU
		{42538A81-B314-431F-AFD4-E00AC00C1004}.Debug|Any CPU.ActiveCfg = Debug|Any CPU
		{42538A81-B314-431F-AFD4-E00AC00C1004}.Debug|Any CPU.Build.0 = Debug|Any CPU
		{42538A81-B314-431F-AFD4-E00AC00C1004}.Release|Any CPU.ActiveCfg = Release|Any CPU
		{42538A81-B314-431F-AFD4-E00AC00C1004}.Release|Any CPU.Build.0 = Release|Any CPU
		{E0ED34A1-C664-4D48-82F3-A8521E18982C}.Debug|Any CPU.ActiveCfg = Debug|Any CPU
		{E0ED34A1-C664-4D48-82F3-A8521E18982C}.Debug|Any CPU.Build.0 = Debug|Any CPU
		{E0ED34A1-C664-4D48-82F3-A8521E18982C}.Release|Any CPU.ActiveCfg = Release|Any CPU
		{E0ED34A1-C664-4D48-82F3-A8521E18982C}.Release|Any CPU.Build.0 = Release|Any CPU
		{9447835C-9048-4203-BFAA-004C29C344BD}.Debug|Any CPU.ActiveCfg = Debug|Any CPU
		{9447835C-9048-4203-BFAA-004C29C344BD}.Debug|Any CPU.Build.0 = Debug|Any CPU
		{9447835C-9048-4203-BFAA-004C29C344BD}.Release|Any CPU.ActiveCfg = Release|Any CPU
		{9447835C-9048-4203-BFAA-004C29C344BD}.Release|Any CPU.Build.0 = Release|Any CPU
		{DD80C498-D0C0-4BE0-8DC9-AE6E3BF849B0}.Debug|Any CPU.ActiveCfg = Debug|Any CPU
		{DD80C498-D0C0-4BE0-8DC9-AE6E3BF849B0}.Debug|Any CPU.Build.0 = Debug|Any CPU
		{DD80C498-D0C0-4BE0-8DC9-AE6E3BF849B0}.Release|Any CPU.ActiveCfg = Release|Any CPU
		{DD80C498-D0C0-4BE0-8DC9-AE6E3BF849B0}.Release|Any CPU.Build.0 = Release|Any CPU
		{0844069F-FD08-4241-825B-F06795B93E5D}.Debug|Any CPU.ActiveCfg = Debug|Any CPU
		{0844069F-FD08-4241-825B-F06795B93E5D}.Debug|Any CPU.Build.0 = Debug|Any CPU
		{0844069F-FD08-4241-825B-F06795B93E5D}.Release|Any CPU.ActiveCfg = Release|Any CPU
		{0844069F-FD08-4241-825B-F06795B93E5D}.Release|Any CPU.Build.0 = Release|Any CPU
		{F7010D92-8402-4CB0-8A81-7DED98FD7BA7}.Debug|Any CPU.ActiveCfg = Debug|Any CPU
		{F7010D92-8402-4CB0-8A81-7DED98FD7BA7}.Debug|Any CPU.Build.0 = Debug|Any CPU
		{F7010D92-8402-4CB0-8A81-7DED98FD7BA7}.Release|Any CPU.ActiveCfg = Release|Any CPU
		{F7010D92-8402-4CB0-8A81-7DED98FD7BA7}.Release|Any CPU.Build.0 = Release|Any CPU
		{78241C43-B04D-4EE0-8D04-18BD0556672F}.Debug|Any CPU.ActiveCfg = Debug|Any CPU
		{78241C43-B04D-4EE0-8D04-18BD0556672F}.Debug|Any CPU.Build.0 = Debug|Any CPU
		{78241C43-B04D-4EE0-8D04-18BD0556672F}.Release|Any CPU.ActiveCfg = Release|Any CPU
		{78241C43-B04D-4EE0-8D04-18BD0556672F}.Release|Any CPU.Build.0 = Release|Any CPU
		{3260DBFE-B3FD-441F-8666-3FDEF578FB46}.Debug|Any CPU.ActiveCfg = Debug|Any CPU
		{3260DBFE-B3FD-441F-8666-3FDEF578FB46}.Debug|Any CPU.Build.0 = Debug|Any CPU
		{3260DBFE-B3FD-441F-8666-3FDEF578FB46}.Release|Any CPU.ActiveCfg = Release|Any CPU
		{3260DBFE-B3FD-441F-8666-3FDEF578FB46}.Release|Any CPU.Build.0 = Release|Any CPU
		{4C9B2535-8747-41C7-8D67-8FCF288F479D}.Debug|Any CPU.ActiveCfg = Debug|Any CPU
		{4C9B2535-8747-41C7-8D67-8FCF288F479D}.Debug|Any CPU.Build.0 = Debug|Any CPU
		{4C9B2535-8747-41C7-8D67-8FCF288F479D}.Release|Any CPU.ActiveCfg = Release|Any CPU
		{4C9B2535-8747-41C7-8D67-8FCF288F479D}.Release|Any CPU.Build.0 = Release|Any CPU
		{CBA1F39F-6083-40BA-A8FD-9A9A75FF31AC}.Debug|Any CPU.ActiveCfg = Debug|Any CPU
		{CBA1F39F-6083-40BA-A8FD-9A9A75FF31AC}.Debug|Any CPU.Build.0 = Debug|Any CPU
		{CBA1F39F-6083-40BA-A8FD-9A9A75FF31AC}.Release|Any CPU.ActiveCfg = Release|Any CPU
		{CBA1F39F-6083-40BA-A8FD-9A9A75FF31AC}.Release|Any CPU.Build.0 = Release|Any CPU
		{0746EB3D-45A3-4875-BFE3-0FF6EF049EED}.Debug|Any CPU.ActiveCfg = Debug|Any CPU
		{0746EB3D-45A3-4875-BFE3-0FF6EF049EED}.Debug|Any CPU.Build.0 = Debug|Any CPU
		{0746EB3D-45A3-4875-BFE3-0FF6EF049EED}.Release|Any CPU.ActiveCfg = Release|Any CPU
		{0746EB3D-45A3-4875-BFE3-0FF6EF049EED}.Release|Any CPU.Build.0 = Release|Any CPU
		{FAE4E2BE-E606-4A83-9859-3B0C4B697517}.Debug|Any CPU.ActiveCfg = Debug|Any CPU
		{FAE4E2BE-E606-4A83-9859-3B0C4B697517}.Debug|Any CPU.Build.0 = Debug|Any CPU
		{FAE4E2BE-E606-4A83-9859-3B0C4B697517}.Release|Any CPU.ActiveCfg = Release|Any CPU
		{FAE4E2BE-E606-4A83-9859-3B0C4B697517}.Release|Any CPU.Build.0 = Release|Any CPU
		{CB972B37-D8AE-4366-B661-D0B8196095FD}.Debug|Any CPU.ActiveCfg = Debug|Any CPU
		{CB972B37-D8AE-4366-B661-D0B8196095FD}.Debug|Any CPU.Build.0 = Debug|Any CPU
		{CB972B37-D8AE-4366-B661-D0B8196095FD}.Release|Any CPU.ActiveCfg = Release|Any CPU
		{CB972B37-D8AE-4366-B661-D0B8196095FD}.Release|Any CPU.Build.0 = Release|Any CPU
		{16FDE47D-9AF1-4912-8B38-7559DC80BE0C}.Debug|Any CPU.ActiveCfg = Debug|Any CPU
		{16FDE47D-9AF1-4912-8B38-7559DC80BE0C}.Debug|Any CPU.Build.0 = Debug|Any CPU
		{16FDE47D-9AF1-4912-8B38-7559DC80BE0C}.Release|Any CPU.ActiveCfg = Release|Any CPU
		{16FDE47D-9AF1-4912-8B38-7559DC80BE0C}.Release|Any CPU.Build.0 = Release|Any CPU
		{142F045B-5DE0-4A2D-B71A-9CF07E75A19D}.Debug|Any CPU.ActiveCfg = Debug|Any CPU
		{142F045B-5DE0-4A2D-B71A-9CF07E75A19D}.Debug|Any CPU.Build.0 = Debug|Any CPU
		{142F045B-5DE0-4A2D-B71A-9CF07E75A19D}.Release|Any CPU.ActiveCfg = Release|Any CPU
		{142F045B-5DE0-4A2D-B71A-9CF07E75A19D}.Release|Any CPU.Build.0 = Release|Any CPU
		{5307A6AD-2679-4A7F-8C5B-BE9A8F8A19D0}.Debug|Any CPU.ActiveCfg = Debug|Any CPU
		{5307A6AD-2679-4A7F-8C5B-BE9A8F8A19D0}.Debug|Any CPU.Build.0 = Debug|Any CPU
		{5307A6AD-2679-4A7F-8C5B-BE9A8F8A19D0}.Release|Any CPU.ActiveCfg = Release|Any CPU
		{5307A6AD-2679-4A7F-8C5B-BE9A8F8A19D0}.Release|Any CPU.Build.0 = Release|Any CPU
		{7611F636-2BA1-49FF-89BD-2FBF79C878BB}.Debug|Any CPU.ActiveCfg = Debug|Any CPU
		{7611F636-2BA1-49FF-89BD-2FBF79C878BB}.Debug|Any CPU.Build.0 = Debug|Any CPU
		{7611F636-2BA1-49FF-89BD-2FBF79C878BB}.Release|Any CPU.ActiveCfg = Release|Any CPU
		{7611F636-2BA1-49FF-89BD-2FBF79C878BB}.Release|Any CPU.Build.0 = Release|Any CPU
		{03E36A21-0E4C-4DA3-9A4E-04F44801B7E1}.Debug|Any CPU.ActiveCfg = Debug|Any CPU
		{03E36A21-0E4C-4DA3-9A4E-04F44801B7E1}.Debug|Any CPU.Build.0 = Debug|Any CPU
		{03E36A21-0E4C-4DA3-9A4E-04F44801B7E1}.Release|Any CPU.ActiveCfg = Release|Any CPU
		{03E36A21-0E4C-4DA3-9A4E-04F44801B7E1}.Release|Any CPU.Build.0 = Release|Any CPU
		{2489D466-5178-41AB-B953-1789DAC5E8F2}.Debug|Any CPU.ActiveCfg = Debug|Any CPU
		{2489D466-5178-41AB-B953-1789DAC5E8F2}.Debug|Any CPU.Build.0 = Debug|Any CPU
		{2489D466-5178-41AB-B953-1789DAC5E8F2}.Release|Any CPU.ActiveCfg = Release|Any CPU
		{2489D466-5178-41AB-B953-1789DAC5E8F2}.Release|Any CPU.Build.0 = Release|Any CPU
		{5B99E041-D488-43AB-8080-274768AD0F1F}.Debug|Any CPU.ActiveCfg = Debug|Any CPU
		{5B99E041-D488-43AB-8080-274768AD0F1F}.Debug|Any CPU.Build.0 = Debug|Any CPU
		{5B99E041-D488-43AB-8080-274768AD0F1F}.Release|Any CPU.ActiveCfg = Release|Any CPU
		{5B99E041-D488-43AB-8080-274768AD0F1F}.Release|Any CPU.Build.0 = Release|Any CPU
	EndGlobalSection
	GlobalSection(SolutionProperties) = preSolution
		HideSolutionNode = FALSE
	EndGlobalSection
EndGlobal
