
Microsoft Visual Studio Solution File, Format Version 9.00
# Visual Studio 2005
Project("{F184B08F-C81C-45F6-A57F-5ABD9991F28F}") = "Recipe07-01", "Recipe07-01\Recipe07-01.vbproj", "{22587496-83B6-4B81-84CB-37D721956A02}"
EndProject
Project("{F184B08F-C81C-45F6-A57F-5ABD9991F28F}") = "Recipe07-02", "Recipe07-02\Recipe07-02.vbproj", "{3237B583-05E7-4F5D-9EFB-1EF91224D656}"
EndProject
Project("{F184B08F-C81C-45F6-A57F-5ABD9991F28F}") = "Recipe07-03", "Recipe07-03\Recipe07-03.vbproj", "{7FB00446-EF31-4184-9876-FEE0FF926AB0}"
EndProject
Project("{F184B08F-C81C-45F6-A57F-5ABD9991F28F}") = "Recipe07-04", "Recipe07-04\Recipe07-04.vbproj", "{038C33EC-5B09-460B-9510-D4EF9574529B}"
EndProject
Project("{F184B08F-C81C-45F6-A57F-5ABD9991F28F}") = "Recipe07-05", "Recipe07-05\Recipe07-05.vbproj", "{C99213DD-D499-4B38-8C72-5311BD2DABD3}"
EndProject
Project("{F184B08F-C81C-45F6-A57F-5ABD9991F28F}") = "Recipe07-06", "Recipe07-06\Recipe07-06.vbproj", "{AFBDC0D7-C138-4D5E-87CE-C1429C02CA42}"
EndProject
Project("{F184B08F-C81C-45F6-A57F-5ABD9991F28F}") = "Recipe07-07", "Recipe07-07\Recipe07-07.vbproj", "{2D6CAFCA-16A0-424D-9468-C2B66D213E9B}"
EndProject
Project("{F184B08F-C81C-45F6-A57F-5ABD9991F28F}") = "Recipe07-08", "Recipe07-08\Recipe07-08.vbproj", "{EEA49C38-3609-4B4F-952F-0A8DA7433A2D}"
EndProject
Project("{F184B08F-C81C-45F6-A57F-5ABD9991F28F}") = "Recipe07-09", "Recipe07-09\Recipe07-09.vbproj", "{E86C8C01-D41D-458B-AE46-3C777178AE5D}"
EndProject
Project("{F184B08F-C81C-45F6-A57F-5ABD9991F28F}") = "Recipe07-10", "Recipe07-10\Recipe07-10.vbproj", "{3061D312-A669-4A79-841F-58CE213BB8B5}"
EndProject
Project("{F184B08F-C81C-45F6-A57F-5ABD9991F28F}") = "Recipe07-11", "Recipe07-11\Recipe07-11.vbproj", "{2C10FAE1-C649-46B2-B972-A9C9C0925ECE}"
EndProject
Project("{F184B08F-C81C-45F6-A57F-5ABD9991F28F}") = "Recipe07-12", "Recipe07-12\Recipe07-12.vbproj", "{8B1F6FF6-7494-4DD1-BA8A-13E26909569A}"
EndProject
Project("{F184B08F-C81C-45F6-A57F-5ABD9991F28F}") = "Recipe07-13", "Recipe07-13\Recipe07-13.vbproj", "{7C1BC035-C65F-46D8-9D1E-7DAB4D8CE556}"
EndProject
Project("{F184B08F-C81C-45F6-A57F-5ABD9991F28F}") = "Recipe07-14", "Recipe07-14\Recipe07-14.vbproj", "{AD67B936-E85E-4FB4-A085-7CECD4F16B3C}"
EndProject
Project("{F184B08F-C81C-45F6-A57F-5ABD9991F28F}") = "Recipe07-15", "Recipe07-15\Recipe07-15.vbproj", "{B66B4B69-A7FF-4DC7-9850-893D03825B8C}"
EndProject
Project("{F184B08F-C81C-45F6-A57F-5ABD9991F28F}") = "Recipe07-16", "Recipe07-16\Recipe07-16.vbproj", "{CE3FE606-EDB9-4A66-8631-B05BE1FD73CB}"
EndProject
Project("{F184B08F-C81C-45F6-A57F-5ABD9991F28F}") = "Recipe07-17", "Recipe07-17\Recipe07-17.vbproj", "{82A4F47D-A3C1-4790-AF75-0552CE3D8E80}"
EndProject
Project("{F184B08F-C81C-45F6-A57F-5ABD9991F28F}") = "Recipe07-18", "Recipe07-18\Recipe07-18.vbproj", "{F8E30089-FDF0-45C0-8E21-E54775844C37}"
EndProject
Project("{F184B08F-C81C-45F6-A57F-5ABD9991F28F}") = "Recipe07-19", "Recipe07-19\Recipe07-19.vbproj", "{9A595471-9ED8-4C9D-B579-EED8F1863021}"
EndProject
Project("{F184B08F-C81C-45F6-A57F-5ABD9991F28F}") = "Recipe07-20", "Recipe07-20\Recipe07-20.vbproj", "{9C790146-C403-44B1-AC94-1617362F6A05}"
EndProject
Global
	GlobalSection(SolutionConfigurationPlatforms) = preSolution
		Debug|Any CPU = Debug|Any CPU
		Release|Any CPU = Release|Any CPU
	EndGlobalSection
	GlobalSection(ProjectConfigurationPlatforms) = postSolution
		{22587496-83B6-4B81-84CB-37D721956A02}.Debug|Any CPU.ActiveCfg = Debug|Any CPU
		{22587496-83B6-4B81-84CB-37D721956A02}.Debug|Any CPU.Build.0 = Debug|Any CPU
		{22587496-83B6-4B81-84CB-37D721956A02}.Release|Any CPU.ActiveCfg = Release|Any CPU
		{22587496-83B6-4B81-84CB-37D721956A02}.Release|Any CPU.Build.0 = Release|Any CPU
		{3237B583-05E7-4F5D-9EFB-1EF91224D656}.Debug|Any CPU.ActiveCfg = Debug|Any CPU
		{3237B583-05E7-4F5D-9EFB-1EF91224D656}.Debug|Any CPU.Build.0 = Debug|Any CPU
		{3237B583-05E7-4F5D-9EFB-1EF91224D656}.Release|Any CPU.ActiveCfg = Release|Any CPU
		{3237B583-05E7-4F5D-9EFB-1EF91224D656}.Release|Any CPU.Build.0 = Release|Any CPU
		{7FB00446-EF31-4184-9876-FEE0FF926AB0}.Debug|Any CPU.ActiveCfg = Debug|Any CPU
		{7FB00446-EF31-4184-9876-FEE0FF926AB0}.Debug|Any CPU.Build.0 = Debug|Any CPU
		{7FB00446-EF31-4184-9876-FEE0FF926AB0}.Release|Any CPU.ActiveCfg = Release|Any CPU
		{7FB00446-EF31-4184-9876-FEE0FF926AB0}.Release|Any CPU.Build.0 = Release|Any CPU
		{038C33EC-5B09-460B-9510-D4EF9574529B}.Debug|Any CPU.ActiveCfg = Debug|Any CPU
		{038C33EC-5B09-460B-9510-D4EF9574529B}.Debug|Any CPU.Build.0 = Debug|Any CPU
		{038C33EC-5B09-460B-9510-D4EF9574529B}.Release|Any CPU.ActiveCfg = Release|Any CPU
		{038C33EC-5B09-460B-9510-D4EF9574529B}.Release|Any CPU.Build.0 = Release|Any CPU
		{C99213DD-D499-4B38-8C72-5311BD2DABD3}.Debug|Any CPU.ActiveCfg = Debug|Any CPU
		{C99213DD-D499-4B38-8C72-5311BD2DABD3}.Debug|Any CPU.Build.0 = Debug|Any CPU
		{C99213DD-D499-4B38-8C72-5311BD2DABD3}.Release|Any CPU.ActiveCfg = Release|Any CPU
		{C99213DD-D499-4B38-8C72-5311BD2DABD3}.Release|Any CPU.Build.0 = Release|Any CPU
		{AFBDC0D7-C138-4D5E-87CE-C1429C02CA42}.Debug|Any CPU.ActiveCfg = Debug|Any CPU
		{AFBDC0D7-C138-4D5E-87CE-C1429C02CA42}.Debug|Any CPU.Build.0 = Debug|Any CPU
		{AFBDC0D7-C138-4D5E-87CE-C1429C02CA42}.Release|Any CPU.ActiveCfg = Release|Any CPU
		{AFBDC0D7-C138-4D5E-87CE-C1429C02CA42}.Release|Any CPU.Build.0 = Release|Any CPU
		{2D6CAFCA-16A0-424D-9468-C2B66D213E9B}.Debug|Any CPU.ActiveCfg = Debug|Any CPU
		{2D6CAFCA-16A0-424D-9468-C2B66D213E9B}.Debug|Any CPU.Build.0 = Debug|Any CPU
		{2D6CAFCA-16A0-424D-9468-C2B66D213E9B}.Release|Any CPU.ActiveCfg = Release|Any CPU
		{2D6CAFCA-16A0-424D-9468-C2B66D213E9B}.Release|Any CPU.Build.0 = Release|Any CPU
		{EEA49C38-3609-4B4F-952F-0A8DA7433A2D}.Debug|Any CPU.ActiveCfg = Debug|Any CPU
		{EEA49C38-3609-4B4F-952F-0A8DA7433A2D}.Debug|Any CPU.Build.0 = Debug|Any CPU
		{EEA49C38-3609-4B4F-952F-0A8DA7433A2D}.Release|Any CPU.ActiveCfg = Release|Any CPU
		{EEA49C38-3609-4B4F-952F-0A8DA7433A2D}.Release|Any CPU.Build.0 = Release|Any CPU
		{E86C8C01-D41D-458B-AE46-3C777178AE5D}.Debug|Any CPU.ActiveCfg = Debug|Any CPU
		{E86C8C01-D41D-458B-AE46-3C777178AE5D}.Debug|Any CPU.Build.0 = Debug|Any CPU
		{E86C8C01-D41D-458B-AE46-3C777178AE5D}.Release|Any CPU.ActiveCfg = Release|Any CPU
		{E86C8C01-D41D-458B-AE46-3C777178AE5D}.Release|Any CPU.Build.0 = Release|Any CPU
		{3061D312-A669-4A79-841F-58CE213BB8B5}.Debug|Any CPU.ActiveCfg = Debug|Any CPU
		{3061D312-A669-4A79-841F-58CE213BB8B5}.Debug|Any CPU.Build.0 = Debug|Any CPU
		{3061D312-A669-4A79-841F-58CE213BB8B5}.Release|Any CPU.ActiveCfg = Release|Any CPU
		{3061D312-A669-4A79-841F-58CE213BB8B5}.Release|Any CPU.Build.0 = Release|Any CPU
		{2C10FAE1-C649-46B2-B972-A9C9C0925ECE}.Debug|Any CPU.ActiveCfg = Debug|Any CPU
		{2C10FAE1-C649-46B2-B972-A9C9C0925ECE}.Debug|Any CPU.Build.0 = Debug|Any CPU
		{2C10FAE1-C649-46B2-B972-A9C9C0925ECE}.Release|Any CPU.ActiveCfg = Release|Any CPU
		{2C10FAE1-C649-46B2-B972-A9C9C0925ECE}.Release|Any CPU.Build.0 = Release|Any CPU
		{8B1F6FF6-7494-4DD1-BA8A-13E26909569A}.Debug|Any CPU.ActiveCfg = Debug|Any CPU
		{8B1F6FF6-7494-4DD1-BA8A-13E26909569A}.Debug|Any CPU.Build.0 = Debug|Any CPU
		{8B1F6FF6-7494-4DD1-BA8A-13E26909569A}.Release|Any CPU.ActiveCfg = Release|Any CPU
		{8B1F6FF6-7494-4DD1-BA8A-13E26909569A}.Release|Any CPU.Build.0 = Release|Any CPU
		{7C1BC035-C65F-46D8-9D1E-7DAB4D8CE556}.Debug|Any CPU.ActiveCfg = Debug|Any CPU
		{7C1BC035-C65F-46D8-9D1E-7DAB4D8CE556}.Debug|Any CPU.Build.0 = Debug|Any CPU
		{7C1BC035-C65F-46D8-9D1E-7DAB4D8CE556}.Release|Any CPU.ActiveCfg = Release|Any CPU
		{7C1BC035-C65F-46D8-9D1E-7DAB4D8CE556}.Release|Any CPU.Build.0 = Release|Any CPU
		{AD67B936-E85E-4FB4-A085-7CECD4F16B3C}.Debug|Any CPU.ActiveCfg = Debug|Any CPU
		{AD67B936-E85E-4FB4-A085-7CECD4F16B3C}.Debug|Any CPU.Build.0 = Debug|Any CPU
		{AD67B936-E85E-4FB4-A085-7CECD4F16B3C}.Release|Any CPU.ActiveCfg = Release|Any CPU
		{AD67B936-E85E-4FB4-A085-7CECD4F16B3C}.Release|Any CPU.Build.0 = Release|Any CPU
		{B66B4B69-A7FF-4DC7-9850-893D03825B8C}.Debug|Any CPU.ActiveCfg = Debug|Any CPU
		{B66B4B69-A7FF-4DC7-9850-893D03825B8C}.Debug|Any CPU.Build.0 = Debug|Any CPU
		{B66B4B69-A7FF-4DC7-9850-893D03825B8C}.Release|Any CPU.ActiveCfg = Release|Any CPU
		{B66B4B69-A7FF-4DC7-9850-893D03825B8C}.Release|Any CPU.Build.0 = Release|Any CPU
		{CE3FE606-EDB9-4A66-8631-B05BE1FD73CB}.Debug|Any CPU.ActiveCfg = Debug|Any CPU
		{CE3FE606-EDB9-4A66-8631-B05BE1FD73CB}.Debug|Any CPU.Build.0 = Debug|Any CPU
		{CE3FE606-EDB9-4A66-8631-B05BE1FD73CB}.Release|Any CPU.ActiveCfg = Release|Any CPU
		{CE3FE606-EDB9-4A66-8631-B05BE1FD73CB}.Release|Any CPU.Build.0 = Release|Any CPU
		{82A4F47D-A3C1-4790-AF75-0552CE3D8E80}.Debug|Any CPU.ActiveCfg = Debug|Any CPU
		{82A4F47D-A3C1-4790-AF75-0552CE3D8E80}.Debug|Any CPU.Build.0 = Debug|Any CPU
		{82A4F47D-A3C1-4790-AF75-0552CE3D8E80}.Release|Any CPU.ActiveCfg = Release|Any CPU
		{82A4F47D-A3C1-4790-AF75-0552CE3D8E80}.Release|Any CPU.Build.0 = Release|Any CPU
		{F8E30089-FDF0-45C0-8E21-E54775844C37}.Debug|Any CPU.ActiveCfg = Debug|Any CPU
		{F8E30089-FDF0-45C0-8E21-E54775844C37}.Debug|Any CPU.Build.0 = Debug|Any CPU
		{F8E30089-FDF0-45C0-8E21-E54775844C37}.Release|Any CPU.ActiveCfg = Release|Any CPU
		{F8E30089-FDF0-45C0-8E21-E54775844C37}.Release|Any CPU.Build.0 = Release|Any CPU
		{9A595471-9ED8-4C9D-B579-EED8F1863021}.Debug|Any CPU.ActiveCfg = Debug|Any CPU
		{9A595471-9ED8-4C9D-B579-EED8F1863021}.Debug|Any CPU.Build.0 = Debug|Any CPU
		{9A595471-9ED8-4C9D-B579-EED8F1863021}.Release|Any CPU.ActiveCfg = Release|Any CPU
		{9A595471-9ED8-4C9D-B579-EED8F1863021}.Release|Any CPU.Build.0 = Release|Any CPU
		{9C790146-C403-44B1-AC94-1617362F6A05}.Debug|Any CPU.ActiveCfg = Debug|Any CPU
		{9C790146-C403-44B1-AC94-1617362F6A05}.Debug|Any CPU.Build.0 = Debug|Any CPU
		{9C790146-C403-44B1-AC94-1617362F6A05}.Release|Any CPU.ActiveCfg = Release|Any CPU
		{9C790146-C403-44B1-AC94-1617362F6A05}.Release|Any CPU.Build.0 = Release|Any CPU
	EndGlobalSection
	GlobalSection(SolutionProperties) = preSolution
		HideSolutionNode = FALSE
	EndGlobalSection
EndGlobal
