
Microsoft Visual Studio Solution File, Format Version 9.00
# Visual Studio 2005
Project("{F184B08F-C81C-45F6-A57F-5ABD9991F28F}") = "Recipe05-01", "Recipe05-01\Recipe05-01.vbproj", "{0627EF89-648A-4924-AAC4-25767206FB67}"
EndProject
Project("{F184B08F-C81C-45F6-A57F-5ABD9991F28F}") = "Recipe05-02", "Recipe05-02\Recipe05-02.vbproj", "{519DB855-5CF9-4C48-A2E0-79B6E34950FA}"
EndProject
Project("{F184B08F-C81C-45F6-A57F-5ABD9991F28F}") = "Recipe05-03", "Recipe05-03\Recipe05-03.vbproj", "{3E409191-379E-45D5-92F4-2DDD8081D2B7}"
EndProject
Project("{F184B08F-C81C-45F6-A57F-5ABD9991F28F}") = "Recipe05-04", "Recipe05-04\Recipe05-04.vbproj", "{302576B1-548F-40E4-B29A-CEA48927B7D8}"
EndProject
Project("{F184B08F-C81C-45F6-A57F-5ABD9991F28F}") = "Recipe05-05", "Recipe05-05\Recipe05-05.vbproj", "{661F00C2-C576-41A5-9137-68D540DA7853}"
EndProject
Project("{F184B08F-C81C-45F6-A57F-5ABD9991F28F}") = "Recipe05-06", "Recipe05-06\Recipe05-06.vbproj", "{41CB53A1-53E9-4564-9948-44FB684C752D}"
EndProject
Project("{F184B08F-C81C-45F6-A57F-5ABD9991F28F}") = "Recipe05-07", "Recipe05-07\Recipe05-07.vbproj", "{3C88CDEF-EA2A-40D3-9094-12423F5FA01E}"
EndProject
Project("{F184B08F-C81C-45F6-A57F-5ABD9991F28F}") = "Recipe05-08", "Recipe05-08\Recipe05-08.vbproj", "{81B3A3E6-86FF-4B40-9504-83E00E3AE216}"
EndProject
Project("{F184B08F-C81C-45F6-A57F-5ABD9991F28F}") = "Recipe05-09", "Recipe05-09\Recipe05-09.vbproj", "{F25D8BEC-8CCD-4CFF-880F-AD3504F0B3A6}"
EndProject
Project("{F184B08F-C81C-45F6-A57F-5ABD9991F28F}") = "Recipe05-10", "Recipe05-10\Recipe05-10.vbproj", "{34BE085B-BD94-4FB0-9F01-74C77D567624}"
EndProject
Project("{F184B08F-C81C-45F6-A57F-5ABD9991F28F}") = "Recipe05-11", "Recipe05-11\Recipe05-11.vbproj", "{6510F5C9-DDC8-453B-B4F6-713C248C4598}"
EndProject
Project("{F184B08F-C81C-45F6-A57F-5ABD9991F28F}") = "Recipe05-12", "Recipe05-12\Recipe05-12.vbproj", "{4B1C8C5E-4916-43B2-9383-6D1578697E72}"
EndProject
Project("{F184B08F-C81C-45F6-A57F-5ABD9991F28F}") = "Recipe05-14", "Recipe05-14\Recipe05-14.vbproj", "{8FD8C6FF-D71D-45CB-8231-9C606B9F6E52}"
EndProject
Project("{F184B08F-C81C-45F6-A57F-5ABD9991F28F}") = "Recipe05-15", "Recipe05-15\Recipe05-15.vbproj", "{977B526A-2C1F-4EB4-A44C-EB90AA88BFE5}"
EndProject
Project("{F184B08F-C81C-45F6-A57F-5ABD9991F28F}") = "Recipe05-16", "Recipe05-16\Recipe05-16.vbproj", "{FDB3D85F-0688-49F2-A4AD-AB54127D07A0}"
EndProject
Project("{F184B08F-C81C-45F6-A57F-5ABD9991F28F}") = "Recipe05-17", "Recipe05-17\Recipe05-17.vbproj", "{72FF2583-1752-463B-A238-BF10061DE455}"
EndProject
Project("{F184B08F-C81C-45F6-A57F-5ABD9991F28F}") = "Recipe05-18", "Recipe05-18\Recipe05-18.vbproj", "{04AB4D2B-01BC-4F6F-B1A5-532AC883E774}"
EndProject
Project("{F184B08F-C81C-45F6-A57F-5ABD9991F28F}") = "Recipe05-19", "Recipe05-19\Recipe05-19.vbproj", "{A640FCF4-8596-4D48-B28B-A909147D386A}"
EndProject
Project("{F184B08F-C81C-45F6-A57F-5ABD9991F28F}") = "Recipe05-20", "Recipe05-20\Recipe05-20.vbproj", "{ED8CE745-7F12-456D-BBDE-AE6A32ECA031}"
EndProject
Project("{F184B08F-C81C-45F6-A57F-5ABD9991F28F}") = "Recipe05-21", "Recipe05-21\Recipe05-21.vbproj", "{C48F8F79-20E9-42CE-A144-BF21CA08B3CA}"
EndProject
Project("{F184B08F-C81C-45F6-A57F-5ABD9991F28F}") = "Recipe05-23", "Recipe05-23\Recipe05-23.vbproj", "{FFD611AE-252B-4DC1-A8EE-E49D8B7F9CCB}"
EndProject
Global
	GlobalSection(SolutionConfigurationPlatforms) = preSolution
		Debug|Any CPU = Debug|Any CPU
		Release|Any CPU = Release|Any CPU
	EndGlobalSection
	GlobalSection(ProjectConfigurationPlatforms) = postSolution
		{0627EF89-648A-4924-AAC4-25767206FB67}.Debug|Any CPU.ActiveCfg = Debug|Any CPU
		{0627EF89-648A-4924-AAC4-25767206FB67}.Debug|Any CPU.Build.0 = Debug|Any CPU
		{0627EF89-648A-4924-AAC4-25767206FB67}.Release|Any CPU.ActiveCfg = Release|Any CPU
		{0627EF89-648A-4924-AAC4-25767206FB67}.Release|Any CPU.Build.0 = Release|Any CPU
		{519DB855-5CF9-4C48-A2E0-79B6E34950FA}.Debug|Any CPU.ActiveCfg = Debug|Any CPU
		{519DB855-5CF9-4C48-A2E0-79B6E34950FA}.Debug|Any CPU.Build.0 = Debug|Any CPU
		{519DB855-5CF9-4C48-A2E0-79B6E34950FA}.Release|Any CPU.ActiveCfg = Release|Any CPU
		{519DB855-5CF9-4C48-A2E0-79B6E34950FA}.Release|Any CPU.Build.0 = Release|Any CPU
		{3E409191-379E-45D5-92F4-2DDD8081D2B7}.Debug|Any CPU.ActiveCfg = Debug|Any CPU
		{3E409191-379E-45D5-92F4-2DDD8081D2B7}.Debug|Any CPU.Build.0 = Debug|Any CPU
		{3E409191-379E-45D5-92F4-2DDD8081D2B7}.Release|Any CPU.ActiveCfg = Release|Any CPU
		{3E409191-379E-45D5-92F4-2DDD8081D2B7}.Release|Any CPU.Build.0 = Release|Any CPU
		{302576B1-548F-40E4-B29A-CEA48927B7D8}.Debug|Any CPU.ActiveCfg = Debug|Any CPU
		{302576B1-548F-40E4-B29A-CEA48927B7D8}.Debug|Any CPU.Build.0 = Debug|Any CPU
		{302576B1-548F-40E4-B29A-CEA48927B7D8}.Release|Any CPU.ActiveCfg = Release|Any CPU
		{302576B1-548F-40E4-B29A-CEA48927B7D8}.Release|Any CPU.Build.0 = Release|Any CPU
		{661F00C2-C576-41A5-9137-68D540DA7853}.Debug|Any CPU.ActiveCfg = Debug|Any CPU
		{661F00C2-C576-41A5-9137-68D540DA7853}.Debug|Any CPU.Build.0 = Debug|Any CPU
		{661F00C2-C576-41A5-9137-68D540DA7853}.Release|Any CPU.ActiveCfg = Release|Any CPU
		{661F00C2-C576-41A5-9137-68D540DA7853}.Release|Any CPU.Build.0 = Release|Any CPU
		{41CB53A1-53E9-4564-9948-44FB684C752D}.Debug|Any CPU.ActiveCfg = Debug|Any CPU
		{41CB53A1-53E9-4564-9948-44FB684C752D}.Debug|Any CPU.Build.0 = Debug|Any CPU
		{41CB53A1-53E9-4564-9948-44FB684C752D}.Release|Any CPU.ActiveCfg = Release|Any CPU
		{41CB53A1-53E9-4564-9948-44FB684C752D}.Release|Any CPU.Build.0 = Release|Any CPU
		{3C88CDEF-EA2A-40D3-9094-12423F5FA01E}.Debug|Any CPU.ActiveCfg = Debug|Any CPU
		{3C88CDEF-EA2A-40D3-9094-12423F5FA01E}.Debug|Any CPU.Build.0 = Debug|Any CPU
		{3C88CDEF-EA2A-40D3-9094-12423F5FA01E}.Release|Any CPU.ActiveCfg = Release|Any CPU
		{3C88CDEF-EA2A-40D3-9094-12423F5FA01E}.Release|Any CPU.Build.0 = Release|Any CPU
		{81B3A3E6-86FF-4B40-9504-83E00E3AE216}.Debug|Any CPU.ActiveCfg = Debug|Any CPU
		{81B3A3E6-86FF-4B40-9504-83E00E3AE216}.Debug|Any CPU.Build.0 = Debug|Any CPU
		{81B3A3E6-86FF-4B40-9504-83E00E3AE216}.Release|Any CPU.ActiveCfg = Release|Any CPU
		{81B3A3E6-86FF-4B40-9504-83E00E3AE216}.Release|Any CPU.Build.0 = Release|Any CPU
		{F25D8BEC-8CCD-4CFF-880F-AD3504F0B3A6}.Debug|Any CPU.ActiveCfg = Debug|Any CPU
		{F25D8BEC-8CCD-4CFF-880F-AD3504F0B3A6}.Debug|Any CPU.Build.0 = Debug|Any CPU
		{F25D8BEC-8CCD-4CFF-880F-AD3504F0B3A6}.Release|Any CPU.ActiveCfg = Release|Any CPU
		{F25D8BEC-8CCD-4CFF-880F-AD3504F0B3A6}.Release|Any CPU.Build.0 = Release|Any CPU
		{34BE085B-BD94-4FB0-9F01-74C77D567624}.Debug|Any CPU.ActiveCfg = Debug|Any CPU
		{34BE085B-BD94-4FB0-9F01-74C77D567624}.Debug|Any CPU.Build.0 = Debug|Any CPU
		{34BE085B-BD94-4FB0-9F01-74C77D567624}.Release|Any CPU.ActiveCfg = Release|Any CPU
		{34BE085B-BD94-4FB0-9F01-74C77D567624}.Release|Any CPU.Build.0 = Release|Any CPU
		{6510F5C9-DDC8-453B-B4F6-713C248C4598}.Debug|Any CPU.ActiveCfg = Debug|Any CPU
		{6510F5C9-DDC8-453B-B4F6-713C248C4598}.Debug|Any CPU.Build.0 = Debug|Any CPU
		{6510F5C9-DDC8-453B-B4F6-713C248C4598}.Release|Any CPU.ActiveCfg = Release|Any CPU
		{6510F5C9-DDC8-453B-B4F6-713C248C4598}.Release|Any CPU.Build.0 = Release|Any CPU
		{4B1C8C5E-4916-43B2-9383-6D1578697E72}.Debug|Any CPU.ActiveCfg = Debug|Any CPU
		{4B1C8C5E-4916-43B2-9383-6D1578697E72}.Debug|Any CPU.Build.0 = Debug|Any CPU
		{4B1C8C5E-4916-43B2-9383-6D1578697E72}.Release|Any CPU.ActiveCfg = Release|Any CPU
		{4B1C8C5E-4916-43B2-9383-6D1578697E72}.Release|Any CPU.Build.0 = Release|Any CPU
		{8FD8C6FF-D71D-45CB-8231-9C606B9F6E52}.Debug|Any CPU.ActiveCfg = Debug|Any CPU
		{8FD8C6FF-D71D-45CB-8231-9C606B9F6E52}.Debug|Any CPU.Build.0 = Debug|Any CPU
		{8FD8C6FF-D71D-45CB-8231-9C606B9F6E52}.Release|Any CPU.ActiveCfg = Release|Any CPU
		{8FD8C6FF-D71D-45CB-8231-9C606B9F6E52}.Release|Any CPU.Build.0 = Release|Any CPU
		{977B526A-2C1F-4EB4-A44C-EB90AA88BFE5}.Debug|Any CPU.ActiveCfg = Debug|Any CPU
		{977B526A-2C1F-4EB4-A44C-EB90AA88BFE5}.Debug|Any CPU.Build.0 = Debug|Any CPU
		{977B526A-2C1F-4EB4-A44C-EB90AA88BFE5}.Release|Any CPU.ActiveCfg = Release|Any CPU
		{977B526A-2C1F-4EB4-A44C-EB90AA88BFE5}.Release|Any CPU.Build.0 = Release|Any CPU
		{FDB3D85F-0688-49F2-A4AD-AB54127D07A0}.Debug|Any CPU.ActiveCfg = Debug|Any CPU
		{FDB3D85F-0688-49F2-A4AD-AB54127D07A0}.Debug|Any CPU.Build.0 = Debug|Any CPU
		{FDB3D85F-0688-49F2-A4AD-AB54127D07A0}.Release|Any CPU.ActiveCfg = Release|Any CPU
		{FDB3D85F-0688-49F2-A4AD-AB54127D07A0}.Release|Any CPU.Build.0 = Release|Any CPU
		{72FF2583-1752-463B-A238-BF10061DE455}.Debug|Any CPU.ActiveCfg = Debug|Any CPU
		{72FF2583-1752-463B-A238-BF10061DE455}.Debug|Any CPU.Build.0 = Debug|Any CPU
		{72FF2583-1752-463B-A238-BF10061DE455}.Release|Any CPU.ActiveCfg = Release|Any CPU
		{72FF2583-1752-463B-A238-BF10061DE455}.Release|Any CPU.Build.0 = Release|Any CPU
		{04AB4D2B-01BC-4F6F-B1A5-532AC883E774}.Debug|Any CPU.ActiveCfg = Debug|Any CPU
		{04AB4D2B-01BC-4F6F-B1A5-532AC883E774}.Debug|Any CPU.Build.0 = Debug|Any CPU
		{04AB4D2B-01BC-4F6F-B1A5-532AC883E774}.Release|Any CPU.ActiveCfg = Release|Any CPU
		{04AB4D2B-01BC-4F6F-B1A5-532AC883E774}.Release|Any CPU.Build.0 = Release|Any CPU
		{A640FCF4-8596-4D48-B28B-A909147D386A}.Debug|Any CPU.ActiveCfg = Debug|Any CPU
		{A640FCF4-8596-4D48-B28B-A909147D386A}.Debug|Any CPU.Build.0 = Debug|Any CPU
		{A640FCF4-8596-4D48-B28B-A909147D386A}.Release|Any CPU.ActiveCfg = Release|Any CPU
		{A640FCF4-8596-4D48-B28B-A909147D386A}.Release|Any CPU.Build.0 = Release|Any CPU
		{ED8CE745-7F12-456D-BBDE-AE6A32ECA031}.Debug|Any CPU.ActiveCfg = Debug|Any CPU
		{ED8CE745-7F12-456D-BBDE-AE6A32ECA031}.Debug|Any CPU.Build.0 = Debug|Any CPU
		{ED8CE745-7F12-456D-BBDE-AE6A32ECA031}.Release|Any CPU.ActiveCfg = Release|Any CPU
		{ED8CE745-7F12-456D-BBDE-AE6A32ECA031}.Release|Any CPU.Build.0 = Release|Any CPU
		{C48F8F79-20E9-42CE-A144-BF21CA08B3CA}.Debug|Any CPU.ActiveCfg = Debug|Any CPU
		{C48F8F79-20E9-42CE-A144-BF21CA08B3CA}.Debug|Any CPU.Build.0 = Debug|Any CPU
		{C48F8F79-20E9-42CE-A144-BF21CA08B3CA}.Release|Any CPU.ActiveCfg = Release|Any CPU
		{C48F8F79-20E9-42CE-A144-BF21CA08B3CA}.Release|Any CPU.Build.0 = Release|Any CPU
		{FFD611AE-252B-4DC1-A8EE-E49D8B7F9CCB}.Debug|Any CPU.ActiveCfg = Debug|Any CPU
		{FFD611AE-252B-4DC1-A8EE-E49D8B7F9CCB}.Debug|Any CPU.Build.0 = Debug|Any CPU
		{FFD611AE-252B-4DC1-A8EE-E49D8B7F9CCB}.Release|Any CPU.ActiveCfg = Release|Any CPU
		{FFD611AE-252B-4DC1-A8EE-E49D8B7F9CCB}.Release|Any CPU.Build.0 = Release|Any CPU
	EndGlobalSection
	GlobalSection(SolutionProperties) = preSolution
		HideSolutionNode = FALSE
	EndGlobalSection
EndGlobal
