
Microsoft Visual Studio Solution File, Format Version 9.00
# Visual Studio 2005
Project("{F184B08F-C81C-45F6-A57F-5ABD9991F28F}") = "Recipe09-01", "Recipe09-01\Recipe09-01.vbproj", "{D6AB8A62-9E5A-4D4F-8743-CCD76BA1EBC7}"
EndProject
Project("{F184B08F-C81C-45F6-A57F-5ABD9991F28F}") = "Recipe09-02", "Recipe09-02\Recipe09-02.vbproj", "{AC839CF2-5D8F-4032-90E6-A0644CFE5F41}"
EndProject
Project("{F184B08F-C81C-45F6-A57F-5ABD9991F28F}") = "Recipe09-03", "Recipe09-03\Recipe09-03.vbproj", "{88BC0256-D7CD-4AFD-99E9-6921848EBB0C}"
EndProject
Project("{F184B08F-C81C-45F6-A57F-5ABD9991F28F}") = "Recipe09-04", "Recipe09-04\Recipe09-04.vbproj", "{10EAC538-0BD5-485A-A4AA-8338907E1BA9}"
EndProject
Project("{F184B08F-C81C-45F6-A57F-5ABD9991F28F}") = "Recipe09-05", "Recipe09-05\Recipe09-05.vbproj", "{C14C6700-31E9-45C6-A8B6-C05DCAB74203}"
EndProject
Project("{F184B08F-C81C-45F6-A57F-5ABD9991F28F}") = "Recipe09-06", "Recipe09-06\Recipe09-06.vbproj", "{E214B313-AD62-431D-B563-9B07FA5DBDA0}"
EndProject
Project("{F184B08F-C81C-45F6-A57F-5ABD9991F28F}") = "Recipe09-07", "Recipe09-07\Recipe09-07.vbproj", "{6AC2764A-F570-45E7-A779-E42FF3F1634C}"
EndProject
Project("{F184B08F-C81C-45F6-A57F-5ABD9991F28F}") = "Recipe09-08", "Recipe09-08\Recipe09-08.vbproj", "{AC988C38-8937-443B-85FF-5047E7EAD6D2}"
EndProject
Project("{F184B08F-C81C-45F6-A57F-5ABD9991F28F}") = "Recipe09-09", "Recipe09-09\Recipe09-09.vbproj", "{8FED8267-6155-4A97-895A-90C565461525}"
EndProject
Project("{F184B08F-C81C-45F6-A57F-5ABD9991F28F}") = "Recipe09-10", "Recipe09-10\Recipe09-10.vbproj", "{CA2007E2-54C6-43C3-960C-EFF4392F5D7D}"
EndProject
Project("{F184B08F-C81C-45F6-A57F-5ABD9991F28F}") = "Recipe09-11", "Recipe09-11\Recipe09-11.vbproj", "{11FD7B04-AAAA-4EFD-9996-7A2725130421}"
EndProject
Global
	GlobalSection(SolutionConfigurationPlatforms) = preSolution
		Debug|Any CPU = Debug|Any CPU
		Release|Any CPU = Release|Any CPU
	EndGlobalSection
	GlobalSection(ProjectConfigurationPlatforms) = postSolution
		{D6AB8A62-9E5A-4D4F-8743-CCD76BA1EBC7}.Debug|Any CPU.ActiveCfg = Debug|Any CPU
		{D6AB8A62-9E5A-4D4F-8743-CCD76BA1EBC7}.Debug|Any CPU.Build.0 = Debug|Any CPU
		{D6AB8A62-9E5A-4D4F-8743-CCD76BA1EBC7}.Release|Any CPU.ActiveCfg = Release|Any CPU
		{D6AB8A62-9E5A-4D4F-8743-CCD76BA1EBC7}.Release|Any CPU.Build.0 = Release|Any CPU
		{AC839CF2-5D8F-4032-90E6-A0644CFE5F41}.Debug|Any CPU.ActiveCfg = Debug|Any CPU
		{AC839CF2-5D8F-4032-90E6-A0644CFE5F41}.Debug|Any CPU.Build.0 = Debug|Any CPU
		{AC839CF2-5D8F-4032-90E6-A0644CFE5F41}.Release|Any CPU.ActiveCfg = Release|Any CPU
		{AC839CF2-5D8F-4032-90E6-A0644CFE5F41}.Release|Any CPU.Build.0 = Release|Any CPU
		{88BC0256-D7CD-4AFD-99E9-6921848EBB0C}.Debug|Any CPU.ActiveCfg = Debug|Any CPU
		{88BC0256-D7CD-4AFD-99E9-6921848EBB0C}.Debug|Any CPU.Build.0 = Debug|Any CPU
		{88BC0256-D7CD-4AFD-99E9-6921848EBB0C}.Release|Any CPU.ActiveCfg = Release|Any CPU
		{88BC0256-D7CD-4AFD-99E9-6921848EBB0C}.Release|Any CPU.Build.0 = Release|Any CPU
		{10EAC538-0BD5-485A-A4AA-8338907E1BA9}.Debug|Any CPU.ActiveCfg = Debug|Any CPU
		{10EAC538-0BD5-485A-A4AA-8338907E1BA9}.Debug|Any CPU.Build.0 = Debug|Any CPU
		{10EAC538-0BD5-485A-A4AA-8338907E1BA9}.Release|Any CPU.ActiveCfg = Release|Any CPU
		{10EAC538-0BD5-485A-A4AA-8338907E1BA9}.Release|Any CPU.Build.0 = Release|Any CPU
		{C14C6700-31E9-45C6-A8B6-C05DCAB74203}.Debug|Any CPU.ActiveCfg = Debug|Any CPU
		{C14C6700-31E9-45C6-A8B6-C05DCAB74203}.Debug|Any CPU.Build.0 = Debug|Any CPU
		{C14C6700-31E9-45C6-A8B6-C05DCAB74203}.Release|Any CPU.ActiveCfg = Release|Any CPU
		{C14C6700-31E9-45C6-A8B6-C05DCAB74203}.Release|Any CPU.Build.0 = Release|Any CPU
		{E214B313-AD62-431D-B563-9B07FA5DBDA0}.Debug|Any CPU.ActiveCfg = Debug|Any CPU
		{E214B313-AD62-431D-B563-9B07FA5DBDA0}.Debug|Any CPU.Build.0 = Debug|Any CPU
		{E214B313-AD62-431D-B563-9B07FA5DBDA0}.Release|Any CPU.ActiveCfg = Release|Any CPU
		{E214B313-AD62-431D-B563-9B07FA5DBDA0}.Release|Any CPU.Build.0 = Release|Any CPU
		{6AC2764A-F570-45E7-A779-E42FF3F1634C}.Debug|Any CPU.ActiveCfg = Debug|Any CPU
		{6AC2764A-F570-45E7-A779-E42FF3F1634C}.Debug|Any CPU.Build.0 = Debug|Any CPU
		{6AC2764A-F570-45E7-A779-E42FF3F1634C}.Release|Any CPU.ActiveCfg = Release|Any CPU
		{6AC2764A-F570-45E7-A779-E42FF3F1634C}.Release|Any CPU.Build.0 = Release|Any CPU
		{AC988C38-8937-443B-85FF-5047E7EAD6D2}.Debug|Any CPU.ActiveCfg = Debug|Any CPU
		{AC988C38-8937-443B-85FF-5047E7EAD6D2}.Debug|Any CPU.Build.0 = Debug|Any CPU
		{AC988C38-8937-443B-85FF-5047E7EAD6D2}.Release|Any CPU.ActiveCfg = Release|Any CPU
		{AC988C38-8937-443B-85FF-5047E7EAD6D2}.Release|Any CPU.Build.0 = Release|Any CPU
		{8FED8267-6155-4A97-895A-90C565461525}.Debug|Any CPU.ActiveCfg = Debug|Any CPU
		{8FED8267-6155-4A97-895A-90C565461525}.Debug|Any CPU.Build.0 = Debug|Any CPU
		{8FED8267-6155-4A97-895A-90C565461525}.Release|Any CPU.ActiveCfg = Release|Any CPU
		{8FED8267-6155-4A97-895A-90C565461525}.Release|Any CPU.Build.0 = Release|Any CPU
		{CA2007E2-54C6-43C3-960C-EFF4392F5D7D}.Debug|Any CPU.ActiveCfg = Debug|Any CPU
		{CA2007E2-54C6-43C3-960C-EFF4392F5D7D}.Debug|Any CPU.Build.0 = Debug|Any CPU
		{CA2007E2-54C6-43C3-960C-EFF4392F5D7D}.Release|Any CPU.ActiveCfg = Release|Any CPU
		{CA2007E2-54C6-43C3-960C-EFF4392F5D7D}.Release|Any CPU.Build.0 = Release|Any CPU
		{11FD7B04-AAAA-4EFD-9996-7A2725130421}.Debug|Any CPU.ActiveCfg = Debug|Any CPU
		{11FD7B04-AAAA-4EFD-9996-7A2725130421}.Debug|Any CPU.Build.0 = Debug|Any CPU
		{11FD7B04-AAAA-4EFD-9996-7A2725130421}.Release|Any CPU.ActiveCfg = Release|Any CPU
		{11FD7B04-AAAA-4EFD-9996-7A2725130421}.Release|Any CPU.Build.0 = Release|Any CPU
	EndGlobalSection
	GlobalSection(SolutionProperties) = preSolution
		HideSolutionNode = FALSE
	EndGlobalSection
EndGlobal
